
Microsoft Visual Studio Solution File, Format Version 12.00
# Visual Studio Version 17
VisualStudioVersion = 17.8.34316.72
MinimumVisualStudioVersion = 10.0.40219.1
Project("{FAE04EC0-301F-11D3-BF4B-00C04F79EFBC}") = "AdventOfCode2023", "AdventOfCode2023\AdventOfCode2023.csproj", "{6C8EC7DE-7B4E-41B6-B671-6121028E347D}"
EndProject
Global
	GlobalSection(SolutionConfigurationPlatforms) = preSolution
		Debug|Any CPU = Debug|Any CPU
		Release|Any CPU = Release|Any CPU
	EndGlobalSection
	GlobalSection(ProjectConfigurationPlatforms) = postSolution
		{6C8EC7DE-7B4E-41B6-B671-6121028E347D}.Debug|Any CPU.ActiveCfg = Debug|Any CPU
		{6C8EC7DE-7B4E-41B6-B671-6121028E347D}.Debug|Any CPU.Build.0 = Debug|Any CPU
		{6C8EC7DE-7B4E-41B6-B671-6121028E347D}.Release|Any CPU.ActiveCfg = Release|Any CPU
		{6C8EC7DE-7B4E-41B6-B671-6121028E347D}.Release|Any CPU.Build.0 = Release|Any CPU
	EndGlobalSection
	GlobalSection(SolutionProperties) = preSolution
		HideSolutionNode = FALSE
	EndGlobalSection
	GlobalSection(ExtensibilityGlobals) = postSolution
		SolutionGuid = {77371A8B-DBBC-4E36-9BD8-AC4AF8947323}
	EndGlobalSection
EndGlobal
